<?xml version="1.0" encoding="utf-8"?>
<Project ToolsVersion="4.0" xmlns="http://schemas.microsoft.com/developer/msbuild/2003">
  <ItemGroup>
    <ClCompile Include="err_util.c" />
    <ClCompile Include="pbcopy.c" />
  </ItemGroup>
  <ItemGroup>
    <ClInclude Include="err_util.h" />
  </ItemGroup>
</Project>